{
  "name": "axq.name",
  "version": "1.0.0",
  "lockfileVersion": 1,
  "requires": true,
  "dependencies": {
    "animate.css": {
      "version": "3.6.1",
      "resolved": "http://registry.npm.taobao.org/animate.css/download/animate.css-3.6.1.tgz",
      "integrity": "sha1-TqikhVY3i8jXU1IkKWxMDaySKd4="
    }
  }
}
